
Microsoft Visual Studio Solution File, Format Version 12.00
# Visual Studio Version 16
VisualStudioVersion = 16.0.32901.82
MinimumVisualStudioVersion = 10.0.40219.1
Project("{FAE04EC0-301F-11D3-BF4B-00C04F79EFBC}") = "Lab1", "Lab1\Lab1.csproj", "{DBB0DC00-F79A-4AAF-946E-9D011A891661}"
EndProject
Global
	GlobalSection(SolutionConfigurationPlatforms) = preSolution
		Debug|Any CPU = Debug|Any CPU
		Release|Any CPU = Release|Any CPU
	EndGlobalSection
	GlobalSection(ProjectConfigurationPlatforms) = postSolution
		{DBB0DC00-F79A-4AAF-946E-9D011A891661}.Debug|Any CPU.ActiveCfg = Debug|Any CPU
		{DBB0DC00-F79A-4AAF-946E-9D011A891661}.Debug|Any CPU.Build.0 = Debug|Any CPU
		{DBB0DC00-F79A-4AAF-946E-9D011A891661}.Release|Any CPU.ActiveCfg = Release|Any CPU
		{DBB0DC00-F79A-4AAF-946E-9D011A891661}.Release|Any CPU.Build.0 = Release|Any CPU
	EndGlobalSection
	GlobalSection(SolutionProperties) = preSolution
		HideSolutionNode = FALSE
	EndGlobalSection
	GlobalSection(ExtensibilityGlobals) = postSolution
		SolutionGuid = {4DDB871F-B562-4B4A-AEF6-CF31FCBA3F1D}
	EndGlobalSection
EndGlobal
